
Microsoft Visual Studio Solution File, Format Version 12.00
# Visual Studio Version 16
VisualStudioVersion = 16.0.30907.101
MinimumVisualStudioVersion = 10.0.40219.1
Project("{FAE04EC0-301F-11D3-BF4B-00C04F79EFBC}") = "MathsLibrairyClient", "MathsLibrairyClient\MathsLibrairyClient.csproj", "{AC0508FF-3348-4241-9105-D4BCCD69216B}"
EndProject
Global
	GlobalSection(SolutionConfigurationPlatforms) = preSolution
		Debug|Any CPU = Debug|Any CPU
		Release|Any CPU = Release|Any CPU
	EndGlobalSection
	GlobalSection(ProjectConfigurationPlatforms) = postSolution
		{AC0508FF-3348-4241-9105-D4BCCD69216B}.Debug|Any CPU.ActiveCfg = Debug|Any CPU
		{AC0508FF-3348-4241-9105-D4BCCD69216B}.Debug|Any CPU.Build.0 = Debug|Any CPU
		{AC0508FF-3348-4241-9105-D4BCCD69216B}.Release|Any CPU.ActiveCfg = Release|Any CPU
		{AC0508FF-3348-4241-9105-D4BCCD69216B}.Release|Any CPU.Build.0 = Release|Any CPU
	EndGlobalSection
	GlobalSection(SolutionProperties) = preSolution
		HideSolutionNode = FALSE
	EndGlobalSection
	GlobalSection(ExtensibilityGlobals) = postSolution
		SolutionGuid = {57317B9E-707C-4151-A4E2-30074E77540C}
	EndGlobalSection
EndGlobal
